// !$*UTF8*$!
{
	archiveVersion = 1;
	classes = {
	};
	objectVersion = 46;
	objects = {

/* Begin PBXBuildFile section */
		851EEC581AA3FBA300340C5D /* AppDelegate.swift in Sources */ = {isa = PBXBuildFile; fileRef = 851EEC571AA3FBA300340C5D /* AppDelegate.swift */; };
		851EEC5C1AA3FBA300340C5D /* GameScene.swift in Sources */ = {isa = PBXBuildFile; fileRef = 851EEC5B1AA3FBA300340C5D /* GameScene.swift */; };
		851EEC5E1AA3FBA300340C5D /* GameViewController.swift in Sources */ = {isa = PBXBuildFile; fileRef = 851EEC5D1AA3FBA300340C5D /* GameViewController.swift */; };
		851EEC611AA3FBA300340C5D /* Main.storyboard in Resources */ = {isa = PBXBuildFile; fileRef = 851EEC5F1AA3FBA300340C5D /* Main.storyboard */; };
		851EEC631AA3FBA300340C5D /* Images.xcassets in Resources */ = {isa = PBXBuildFile; fileRef = 851EEC621AA3FBA300340C5D /* Images.xcassets */; };
		851EEC661AA3FBA300340C5D /* LaunchScreen.xib in Resources */ = {isa = PBXBuildFile; fileRef = 851EEC641AA3FBA300340C5D /* LaunchScreen.xib */; };
		851EEC721AA3FBA300340C5D /* SpriteKitSimpleGameTests.swift in Sources */ = {isa = PBXBuildFile; fileRef = 851EEC711AA3FBA300340C5D /* SpriteKitSimpleGameTests.swift */; };
		851EEC831AA4361600340C5D /* CGPointExtension.swift in Sources */ = {isa = PBXBuildFile; fileRef = 851EEC821AA4361600340C5D /* CGPointExtension.swift */; };
		851EEC851AA4369400340C5D /* Misc.swift in Sources */ = {isa = PBXBuildFile; fileRef = 851EEC841AA4369400340C5D /* Misc.swift */; };
		851EEC901AA4442A00340C5D /* fieldbgm.caf in Resources */ = {isa = PBXBuildFile; fileRef = 851EEC8E1AA4442A00340C5D /* fieldbgm.caf */; };
		851EEC911AA4442A00340C5D /* hit.caf in Resources */ = {isa = PBXBuildFile; fileRef = 851EEC8F1AA4442A00340C5D /* hit.caf */; };
		851EEC951AA4455500340C5D /* throw.caf in Resources */ = {isa = PBXBuildFile; fileRef = 851EEC941AA4455500340C5D /* throw.caf */; };
		852A1E881AA49737004B61E8 /* GameState.swift in Sources */ = {isa = PBXBuildFile; fileRef = 852A1E871AA49737004B61E8 /* GameState.swift */; };
		852A1E8B1AA598EB004B61E8 /* SoundManager.swift in Sources */ = {isa = PBXBuildFile; fileRef = 852A1E8A1AA598EB004B61E8 /* SoundManager.swift */; };
		852A1E8D1AA5A910004B61E8 /* Character.swift in Sources */ = {isa = PBXBuildFile; fileRef = 852A1E8C1AA5A910004B61E8 /* Character.swift */; };
		852A1E901AA5AAC7004B61E8 /* Enemy.swift in Sources */ = {isa = PBXBuildFile; fileRef = 852A1E8F1AA5AAC7004B61E8 /* Enemy.swift */; };
		852A1E921AA5ACA9004B61E8 /* Slime.swift in Sources */ = {isa = PBXBuildFile; fileRef = 852A1E911AA5ACA9004B61E8 /* Slime.swift */; };
		852A1E941AA5B228004B61E8 /* ArtificialIntelligence.swift in Sources */ = {isa = PBXBuildFile; fileRef = 852A1E931AA5B228004B61E8 /* ArtificialIntelligence.swift */; };
		852A1E971AA5B267004B61E8 /* GoStraight.swift in Sources */ = {isa = PBXBuildFile; fileRef = 852A1E961AA5B267004B61E8 /* GoStraight.swift */; };
		852A1E991AA5C201004B61E8 /* EntityManager.swift in Sources */ = {isa = PBXBuildFile; fileRef = 852A1E981AA5C201004B61E8 /* EntityManager.swift */; };
		858BF5E41AA4586400BF0356 /* nukamiso_2004_beta08.ttf in Resources */ = {isa = PBXBuildFile; fileRef = 858BF5E31AA4586400BF0356 /* nukamiso_2004_beta08.ttf */; };
		858BF5E91AA45B1B00BF0356 /* Singleton.swift in Sources */ = {isa = PBXBuildFile; fileRef = 858BF5E81AA45B1B00BF0356 /* Singleton.swift */; };
		859514401AA5FB3600AA409B /* EntityFactory.swift in Sources */ = {isa = PBXBuildFile; fileRef = 8595143F1AA5FB3600AA409B /* EntityFactory.swift */; };
		859514421AA5FF4D00AA409B /* Player.swift in Sources */ = {isa = PBXBuildFile; fileRef = 859514411AA5FF4D00AA409B /* Player.swift */; };
		8595144D1AA63EA400AA409B /* sprites.atlas in Resources */ = {isa = PBXBuildFile; fileRef = 8595144C1AA63EA400AA409B /* sprites.atlas */; };
		8595144F1AA6A69F00AA409B /* Entity.swift in Sources */ = {isa = PBXBuildFile; fileRef = 8595144E1AA6A69F00AA409B /* Entity.swift */; };
		859514521AA7CA0D00AA409B /* SharedAsset.swift in Sources */ = {isa = PBXBuildFile; fileRef = 859514511AA7CA0D00AA409B /* SharedAsset.swift */; };
		859514541AA839E500AA409B /* BaseSprite.swift in Sources */ = {isa = PBXBuildFile; fileRef = 859514531AA839E500AA409B /* BaseSprite.swift */; };
		859514561AA83AE700AA409B /* FieldState.swift in Sources */ = {isa = PBXBuildFile; fileRef = 859514551AA83AE700AA409B /* FieldState.swift */; };
		85CAE3391AA448400028851A /* GameOverScene.swift in Sources */ = {isa = PBXBuildFile; fileRef = 85CAE3381AA448400028851A /* GameOverScene.swift */; };
		85CAE33C1AA4567E0028851A /* Config.swift in Sources */ = {isa = PBXBuildFile; fileRef = 85CAE33B1AA4567E0028851A /* Config.swift */; };
/* End PBXBuildFile section */

/* Begin PBXContainerItemProxy section */
		851EEC6C1AA3FBA300340C5D /* PBXContainerItemProxy */ = {
			isa = PBXContainerItemProxy;
			containerPortal = 851EEC4A1AA3FBA300340C5D /* Project object */;
			proxyType = 1;
			remoteGlobalIDString = 851EEC511AA3FBA300340C5D;
			remoteInfo = SpriteKitSimpleGame;
		};
/* End PBXContainerItemProxy section */

/* Begin PBXFileReference section */
		851EEC521AA3FBA300340C5D /* SpriteKitSimpleGame.app */ = {isa = PBXFileReference; explicitFileType = wrapper.application; includeInIndex = 0; path = SpriteKitSimpleGame.app; sourceTree = BUILT_PRODUCTS_DIR; };
		851EEC561AA3FBA300340C5D /* Info.plist */ = {isa = PBXFileReference; lastKnownFileType = text.plist.xml; path = Info.plist; sourceTree = "<group>"; };
		851EEC571AA3FBA300340C5D /* AppDelegate.swift */ = {isa = PBXFileReference; lastKnownFileType = sourcecode.swift; path = AppDelegate.swift; sourceTree = "<group>"; };
		851EEC5B1AA3FBA300340C5D /* GameScene.swift */ = {isa = PBXFileReference; lastKnownFileType = sourcecode.swift; path = GameScene.swift; sourceTree = "<group>"; };
		851EEC5D1AA3FBA300340C5D /* GameViewController.swift */ = {isa = PBXFileReference; lastKnownFileType = sourcecode.swift; path = GameViewController.swift; sourceTree = "<group>"; };
		851EEC601AA3FBA300340C5D /* Base */ = {isa = PBXFileReference; lastKnownFileType = file.storyboard; name = Base; path = Base.lproj/Main.storyboard; sourceTree = "<group>"; };
		851EEC621AA3FBA300340C5D /* Images.xcassets */ = {isa = PBXFileReference; lastKnownFileType = folder.assetcatalog; path = Images.xcassets; sourceTree = "<group>"; };
		851EEC651AA3FBA300340C5D /* Base */ = {isa = PBXFileReference; lastKnownFileType = file.xib; name = Base; path = Base.lproj/LaunchScreen.xib; sourceTree = "<group>"; };
		851EEC6B1AA3FBA300340C5D /* SpriteKitSimpleGameTests.xctest */ = {isa = PBXFileReference; explicitFileType = wrapper.cfbundle; includeInIndex = 0; path = SpriteKitSimpleGameTests.xctest; sourceTree = BUILT_PRODUCTS_DIR; };
		851EEC701AA3FBA300340C5D /* Info.plist */ = {isa = PBXFileReference; lastKnownFileType = text.plist.xml; path = Info.plist; sourceTree = "<group>"; };
		851EEC711AA3FBA300340C5D /* SpriteKitSimpleGameTests.swift */ = {isa = PBXFileReference; lastKnownFileType = sourcecode.swift; path = SpriteKitSimpleGameTests.swift; sourceTree = "<group>"; };
		851EEC821AA4361600340C5D /* CGPointExtension.swift */ = {isa = PBXFileReference; fileEncoding = 4; lastKnownFileType = sourcecode.swift; path = CGPointExtension.swift; sourceTree = "<group>"; };
		851EEC841AA4369400340C5D /* Misc.swift */ = {isa = PBXFileReference; fileEncoding = 4; lastKnownFileType = sourcecode.swift; name = Misc.swift; path = SpriteKitSimpleGame/Misc.swift; sourceTree = "<group>"; };
		851EEC8E1AA4442A00340C5D /* fieldbgm.caf */ = {isa = PBXFileReference; lastKnownFileType = file; path = fieldbgm.caf; sourceTree = "<group>"; };
		851EEC8F1AA4442A00340C5D /* hit.caf */ = {isa = PBXFileReference; lastKnownFileType = file; path = hit.caf; sourceTree = "<group>"; };
		851EEC941AA4455500340C5D /* throw.caf */ = {isa = PBXFileReference; lastKnownFileType = file; path = throw.caf; sourceTree = "<group>"; };
		852A1E871AA49737004B61E8 /* GameState.swift */ = {isa = PBXFileReference; fileEncoding = 4; lastKnownFileType = sourcecode.swift; path = GameState.swift; sourceTree = "<group>"; };
		852A1E8A1AA598EB004B61E8 /* SoundManager.swift */ = {isa = PBXFileReference; fileEncoding = 4; lastKnownFileType = sourcecode.swift; path = SoundManager.swift; sourceTree = "<group>"; };
		852A1E8C1AA5A910004B61E8 /* Character.swift */ = {isa = PBXFileReference; fileEncoding = 4; lastKnownFileType = sourcecode.swift; path = Character.swift; sourceTree = "<group>"; };
		852A1E8F1AA5AAC7004B61E8 /* Enemy.swift */ = {isa = PBXFileReference; fileEncoding = 4; lastKnownFileType = sourcecode.swift; path = Enemy.swift; sourceTree = "<group>"; };
		852A1E911AA5ACA9004B61E8 /* Slime.swift */ = {isa = PBXFileReference; fileEncoding = 4; lastKnownFileType = sourcecode.swift; path = Slime.swift; sourceTree = "<group>"; };
		852A1E931AA5B228004B61E8 /* ArtificialIntelligence.swift */ = {isa = PBXFileReference; fileEncoding = 4; lastKnownFileType = sourcecode.swift; path = ArtificialIntelligence.swift; sourceTree = "<group>"; };
		852A1E961AA5B267004B61E8 /* GoStraight.swift */ = {isa = PBXFileReference; fileEncoding = 4; lastKnownFileType = sourcecode.swift; path = GoStraight.swift; sourceTree = "<group>"; };
		852A1E981AA5C201004B61E8 /* EntityManager.swift */ = {isa = PBXFileReference; fileEncoding = 4; lastKnownFileType = sourcecode.swift; path = EntityManager.swift; sourceTree = "<group>"; };
		858BF5E31AA4586400BF0356 /* nukamiso_2004_beta08.ttf */ = {isa = PBXFileReference; lastKnownFileType = file; path = nukamiso_2004_beta08.ttf; sourceTree = "<group>"; };
		858BF5E81AA45B1B00BF0356 /* Singleton.swift */ = {isa = PBXFileReference; fileEncoding = 4; lastKnownFileType = sourcecode.swift; path = Singleton.swift; sourceTree = "<group>"; };
		8595143F1AA5FB3600AA409B /* EntityFactory.swift */ = {isa = PBXFileReference; fileEncoding = 4; lastKnownFileType = sourcecode.swift; path = EntityFactory.swift; sourceTree = "<group>"; };
		859514411AA5FF4D00AA409B /* Player.swift */ = {isa = PBXFileReference; fileEncoding = 4; lastKnownFileType = sourcecode.swift; path = Player.swift; sourceTree = "<group>"; };
		8595144C1AA63EA400AA409B /* sprites.atlas */ = {isa = PBXFileReference; lastKnownFileType = folder.skatlas; path = sprites.atlas; sourceTree = "<group>"; };
		8595144E1AA6A69F00AA409B /* Entity.swift */ = {isa = PBXFileReference; fileEncoding = 4; lastKnownFileType = sourcecode.swift; path = Entity.swift; sourceTree = "<group>"; };
		859514511AA7CA0D00AA409B /* SharedAsset.swift */ = {isa = PBXFileReference; fileEncoding = 4; lastKnownFileType = sourcecode.swift; path = SharedAsset.swift; sourceTree = "<group>"; };
		859514531AA839E500AA409B /* BaseSprite.swift */ = {isa = PBXFileReference; fileEncoding = 4; lastKnownFileType = sourcecode.swift; path = BaseSprite.swift; sourceTree = "<group>"; };
		859514551AA83AE700AA409B /* FieldState.swift */ = {isa = PBXFileReference; fileEncoding = 4; lastKnownFileType = sourcecode.swift; path = FieldState.swift; sourceTree = "<group>"; };
		85CAE3381AA448400028851A /* GameOverScene.swift */ = {isa = PBXFileReference; fileEncoding = 4; lastKnownFileType = sourcecode.swift; path = GameOverScene.swift; sourceTree = "<group>"; };
		85CAE33B1AA4567E0028851A /* Config.swift */ = {isa = PBXFileReference; fileEncoding = 4; lastKnownFileType = sourcecode.swift; name = Config.swift; path = ../Config.swift; sourceTree = "<group>"; };
/* End PBXFileReference section */

/* Begin PBXFrameworksBuildPhase section */
		851EEC4F1AA3FBA300340C5D /* Frameworks */ = {
			isa = PBXFrameworksBuildPhase;
			buildActionMask = 2147483647;
			files = (
			);
			runOnlyForDeploymentPostprocessing = 0;
		};
		851EEC681AA3FBA300340C5D /* Frameworks */ = {
			isa = PBXFrameworksBuildPhase;
			buildActionMask = 2147483647;
			files = (
			);
			runOnlyForDeploymentPostprocessing = 0;
		};
/* End PBXFrameworksBuildPhase section */

/* Begin PBXGroup section */
		851EEC491AA3FBA300340C5D = {
			isa = PBXGroup;
			children = (
				851EEC541AA3FBA300340C5D /* SpriteKitSimpleGame */,
				851EEC6E1AA3FBA300340C5D /* SpriteKitSimpleGameTests */,
				851EEC531AA3FBA300340C5D /* Products */,
			);
			sourceTree = "<group>";
		};
		851EEC531AA3FBA300340C5D /* Products */ = {
			isa = PBXGroup;
			children = (
				851EEC521AA3FBA300340C5D /* SpriteKitSimpleGame.app */,
				851EEC6B1AA3FBA300340C5D /* SpriteKitSimpleGameTests.xctest */,
			);
			name = Products;
			sourceTree = "<group>";
		};
		851EEC541AA3FBA300340C5D /* SpriteKitSimpleGame */ = {
			isa = PBXGroup;
			children = (
				8595144C1AA63EA400AA409B /* sprites.atlas */,
				858BF5E51AA4586A00BF0356 /* Font */,
				851EEC8B1AA4401100340C5D /* Sounds */,
				852A1E891AA498CF004B61E8 /* GameState */,
				85CAE33A1AA4484A0028851A /* Scenes */,
				858BF5EA1AA45B2600BF0356 /* Misc */,
				852A1E951AA5B234004B61E8 /* ArtificialIntelligence */,
				852A1E8E1AA5A925004B61E8 /* Sprites */,
				859514501AA6A6B200AA409B /* Entity(DustBox) */,
				851EEC571AA3FBA300340C5D /* AppDelegate.swift */,
				851EEC5D1AA3FBA300340C5D /* GameViewController.swift */,
				859514511AA7CA0D00AA409B /* SharedAsset.swift */,
				852A1E8A1AA598EB004B61E8 /* SoundManager.swift */,
				85CAE33B1AA4567E0028851A /* Config.swift */,
				851EEC5F1AA3FBA300340C5D /* Main.storyboard */,
				851EEC621AA3FBA300340C5D /* Images.xcassets */,
				851EEC641AA3FBA300340C5D /* LaunchScreen.xib */,
				851EEC551AA3FBA300340C5D /* Supporting Files */,
			);
			path = SpriteKitSimpleGame;
			sourceTree = "<group>";
		};
		851EEC551AA3FBA300340C5D /* Supporting Files */ = {
			isa = PBXGroup;
			children = (
				851EEC561AA3FBA300340C5D /* Info.plist */,
			);
			name = "Supporting Files";
			sourceTree = "<group>";
		};
		851EEC6E1AA3FBA300340C5D /* SpriteKitSimpleGameTests */ = {
			isa = PBXGroup;
			children = (
				851EEC711AA3FBA300340C5D /* SpriteKitSimpleGameTests.swift */,
				851EEC6F1AA3FBA300340C5D /* Supporting Files */,
			);
			path = SpriteKitSimpleGameTests;
			sourceTree = "<group>";
		};
		851EEC6F1AA3FBA300340C5D /* Supporting Files */ = {
			isa = PBXGroup;
			children = (
				851EEC701AA3FBA300340C5D /* Info.plist */,
			);
			name = "Supporting Files";
			sourceTree = "<group>";
		};
		851EEC8B1AA4401100340C5D /* Sounds */ = {
			isa = PBXGroup;
			children = (
				851EEC8E1AA4442A00340C5D /* fieldbgm.caf */,
				851EEC941AA4455500340C5D /* throw.caf */,
				851EEC8F1AA4442A00340C5D /* hit.caf */,
			);
			name = Sounds;
			sourceTree = "<group>";
		};
		852A1E891AA498CF004B61E8 /* GameState */ = {
			isa = PBXGroup;
			children = (
				852A1E871AA49737004B61E8 /* GameState.swift */,
				859514551AA83AE700AA409B /* FieldState.swift */,
			);
			name = GameState;
			sourceTree = "<group>";
		};
		852A1E8E1AA5A925004B61E8 /* Sprites */ = {
			isa = PBXGroup;
			children = (
				859514531AA839E500AA409B /* BaseSprite.swift */,
				852A1E8C1AA5A910004B61E8 /* Character.swift */,
				859514411AA5FF4D00AA409B /* Player.swift */,
				852A1E8F1AA5AAC7004B61E8 /* Enemy.swift */,
				852A1E911AA5ACA9004B61E8 /* Slime.swift */,
			);
			name = Sprites;
			sourceTree = "<group>";
		};
		852A1E951AA5B234004B61E8 /* ArtificialIntelligence */ = {
			isa = PBXGroup;
			children = (
				852A1E931AA5B228004B61E8 /* ArtificialIntelligence.swift */,
				852A1E961AA5B267004B61E8 /* GoStraight.swift */,
			);
			name = ArtificialIntelligence;
			sourceTree = "<group>";
		};
		858BF5E51AA4586A00BF0356 /* Font */ = {
			isa = PBXGroup;
			children = (
				858BF5E31AA4586400BF0356 /* nukamiso_2004_beta08.ttf */,
			);
			name = Font;
			sourceTree = "<group>";
		};
		858BF5EA1AA45B2600BF0356 /* Misc */ = {
			isa = PBXGroup;
			children = (
				851EEC821AA4361600340C5D /* CGPointExtension.swift */,
				851EEC841AA4369400340C5D /* Misc.swift */,
				858BF5E81AA45B1B00BF0356 /* Singleton.swift */,
			);
			name = Misc;
			path = ..;
			sourceTree = "<group>";
		};
		859514501AA6A6B200AA409B /* Entity(DustBox) */ = {
			isa = PBXGroup;
			children = (
				8595144E1AA6A69F00AA409B /* Entity.swift */,
				8595143F1AA5FB3600AA409B /* EntityFactory.swift */,
				852A1E981AA5C201004B61E8 /* EntityManager.swift */,
			);
			name = "Entity(DustBox)";
			sourceTree = "<group>";
		};
		85CAE33A1AA4484A0028851A /* Scenes */ = {
			isa = PBXGroup;
			children = (
				85CAE3381AA448400028851A /* GameOverScene.swift */,
				851EEC5B1AA3FBA300340C5D /* GameScene.swift */,
			);
			name = Scenes;
			sourceTree = "<group>";
		};
/* End PBXGroup section */

/* Begin PBXNativeTarget section */
		851EEC511AA3FBA300340C5D /* SpriteKitSimpleGame */ = {
			isa = PBXNativeTarget;
			buildConfigurationList = 851EEC751AA3FBA300340C5D /* Build configuration list for PBXNativeTarget "SpriteKitSimpleGame" */;
			buildPhases = (
				851EEC4E1AA3FBA300340C5D /* Sources */,
				851EEC4F1AA3FBA300340C5D /* Frameworks */,
				851EEC501AA3FBA300340C5D /* Resources */,
			);
			buildRules = (
			);
			dependencies = (
			);
			name = SpriteKitSimpleGame;
			productName = SpriteKitSimpleGame;
			productReference = 851EEC521AA3FBA300340C5D /* SpriteKitSimpleGame.app */;
			productType = "com.apple.product-type.application";
		};
		851EEC6A1AA3FBA300340C5D /* SpriteKitSimpleGameTests */ = {
			isa = PBXNativeTarget;
			buildConfigurationList = 851EEC781AA3FBA300340C5D /* Build configuration list for PBXNativeTarget "SpriteKitSimpleGameTests" */;
			buildPhases = (
				851EEC671AA3FBA300340C5D /* Sources */,
				851EEC681AA3FBA300340C5D /* Frameworks */,
				851EEC691AA3FBA300340C5D /* Resources */,
			);
			buildRules = (
			);
			dependencies = (
				851EEC6D1AA3FBA300340C5D /* PBXTargetDependency */,
			);
			name = SpriteKitSimpleGameTests;
			productName = SpriteKitSimpleGameTests;
			productReference = 851EEC6B1AA3FBA300340C5D /* SpriteKitSimpleGameTests.xctest */;
			productType = "com.apple.product-type.bundle.unit-test";
		};
/* End PBXNativeTarget section */

/* Begin PBXProject section */
		851EEC4A1AA3FBA300340C5D /* Project object */ = {
			isa = PBXProject;
			attributes = {
				LastUpgradeCheck = 0610;
				ORGANIZATIONNAME = RoW;
				TargetAttributes = {
					851EEC511AA3FBA300340C5D = {
						CreatedOnToolsVersion = 6.1.1;
					};
					851EEC6A1AA3FBA300340C5D = {
						CreatedOnToolsVersion = 6.1.1;
						TestTargetID = 851EEC511AA3FBA300340C5D;
					};
				};
			};
			buildConfigurationList = 851EEC4D1AA3FBA300340C5D /* Build configuration list for PBXProject "SpriteKitSimpleGame" */;
			compatibilityVersion = "Xcode 3.2";
			developmentRegion = English;
			hasScannedForEncodings = 0;
			knownRegions = (
				en,
				Base,
			);
			mainGroup = 851EEC491AA3FBA300340C5D;
			productRefGroup = 851EEC531AA3FBA300340C5D /* Products */;
			projectDirPath = "";
			projectRoot = "";
			targets = (
				851EEC511AA3FBA300340C5D /* SpriteKitSimpleGame */,
				851EEC6A1AA3FBA300340C5D /* SpriteKitSimpleGameTests */,
			);
		};
/* End PBXProject section */

/* Begin PBXResourcesBuildPhase section */
		851EEC501AA3FBA300340C5D /* Resources */ = {
			isa = PBXResourcesBuildPhase;
			buildActionMask = 2147483647;
			files = (
				851EEC661AA3FBA300340C5D /* LaunchScreen.xib in Resources */,
				851EEC631AA3FBA300340C5D /* Images.xcassets in Resources */,
				8595144D1AA63EA400AA409B /* sprites.atlas in Resources */,
				851EEC951AA4455500340C5D /* throw.caf in Resources */,
				858BF5E41AA4586400BF0356 /* nukamiso_2004_beta08.ttf in Resources */,
				851EEC911AA4442A00340C5D /* hit.caf in Resources */,
				851EEC901AA4442A00340C5D /* fieldbgm.caf in Resources */,
				851EEC611AA3FBA300340C5D /* Main.storyboard in Resources */,
			);
			runOnlyForDeploymentPostprocessing = 0;
		};
		851EEC691AA3FBA300340C5D /* Resources */ = {
			isa = PBXResourcesBuildPhase;
			buildActionMask = 2147483647;
			files = (
			);
			runOnlyForDeploymentPostprocessing = 0;
		};
/* End PBXResourcesBuildPhase section */

/* Begin PBXSourcesBuildPhase section */
		851EEC4E1AA3FBA300340C5D /* Sources */ = {
			isa = PBXSourcesBuildPhase;
			buildActionMask = 2147483647;
			files = (
				859514541AA839E500AA409B /* BaseSprite.swift in Sources */,
				852A1E971AA5B267004B61E8 /* GoStraight.swift in Sources */,
				851EEC5C1AA3FBA300340C5D /* GameScene.swift in Sources */,
				851EEC5E1AA3FBA300340C5D /* GameViewController.swift in Sources */,
				852A1E8D1AA5A910004B61E8 /* Character.swift in Sources */,
				85CAE3391AA448400028851A /* GameOverScene.swift in Sources */,
				859514561AA83AE700AA409B /* FieldState.swift in Sources */,
				858BF5E91AA45B1B00BF0356 /* Singleton.swift in Sources */,
				852A1E991AA5C201004B61E8 /* EntityManager.swift in Sources */,
				859514401AA5FB3600AA409B /* EntityFactory.swift in Sources */,
				851EEC831AA4361600340C5D /* CGPointExtension.swift in Sources */,
				851EEC851AA4369400340C5D /* Misc.swift in Sources */,
				85CAE33C1AA4567E0028851A /* Config.swift in Sources */,
				859514521AA7CA0D00AA409B /* SharedAsset.swift in Sources */,
				852A1E941AA5B228004B61E8 /* ArtificialIntelligence.swift in Sources */,
				852A1E921AA5ACA9004B61E8 /* Slime.swift in Sources */,
				852A1E901AA5AAC7004B61E8 /* Enemy.swift in Sources */,
				851EEC581AA3FBA300340C5D /* AppDelegate.swift in Sources */,
				852A1E881AA49737004B61E8 /* GameState.swift in Sources */,
				8595144F1AA6A69F00AA409B /* Entity.swift in Sources */,
				859514421AA5FF4D00AA409B /* Player.swift in Sources */,
				852A1E8B1AA598EB004B61E8 /* SoundManager.swift in Sources */,
			);
			runOnlyForDeploymentPostprocessing = 0;
		};
		851EEC671AA3FBA300340C5D /* Sources */ = {
			isa = PBXSourcesBuildPhase;
			buildActionMask = 2147483647;
			files = (
				851EEC721AA3FBA300340C5D /* SpriteKitSimpleGameTests.swift in Sources */,
			);
			runOnlyForDeploymentPostprocessing = 0;
		};
/* End PBXSourcesBuildPhase section */

/* Begin PBXTargetDependency section */
		851EEC6D1AA3FBA300340C5D /* PBXTargetDependency */ = {
			isa = PBXTargetDependency;
			target = 851EEC511AA3FBA300340C5D /* SpriteKitSimpleGame */;
			targetProxy = 851EEC6C1AA3FBA300340C5D /* PBXContainerItemProxy */;
		};
/* End PBXTargetDependency section */

/* Begin PBXVariantGroup section */
		851EEC5F1AA3FBA300340C5D /* Main.storyboard */ = {
			isa = PBXVariantGroup;
			children = (
				851EEC601AA3FBA300340C5D /* Base */,
			);
			name = Main.storyboard;
			sourceTree = "<group>";
		};
		851EEC641AA3FBA300340C5D /* LaunchScreen.xib */ = {
			isa = PBXVariantGroup;
			children = (
				851EEC651AA3FBA300340C5D /* Base */,
			);
			name = LaunchScreen.xib;
			sourceTree = "<group>";
		};
/* End PBXVariantGroup section */

/* Begin XCBuildConfiguration section */
		851EEC731AA3FBA300340C5D /* Debug */ = {
			isa = XCBuildConfiguration;
			buildSettings = {
				ALWAYS_SEARCH_USER_PATHS = NO;
				CLANG_CXX_LANGUAGE_STANDARD = "gnu++0x";
				CLANG_CXX_LIBRARY = "libc++";
				CLANG_ENABLE_MODULES = YES;
				CLANG_ENABLE_OBJC_ARC = YES;
				CLANG_WARN_BOOL_CONVERSION = YES;
				CLANG_WARN_CONSTANT_CONVERSION = YES;
				CLANG_WARN_DIRECT_OBJC_ISA_USAGE = YES_ERROR;
				CLANG_WARN_EMPTY_BODY = YES;
				CLANG_WARN_ENUM_CONVERSION = YES;
				CLANG_WARN_INT_CONVERSION = YES;
				CLANG_WARN_OBJC_ROOT_CLASS = YES_ERROR;
				CLANG_WARN_UNREACHABLE_CODE = YES;
				CLANG_WARN__DUPLICATE_METHOD_MATCH = YES;
				"CODE_SIGN_IDENTITY[sdk=iphoneos*]" = "iPhone Developer";
				COPY_PHASE_STRIP = NO;
				ENABLE_STRICT_OBJC_MSGSEND = YES;
				GCC_C_LANGUAGE_STANDARD = gnu99;
				GCC_DYNAMIC_NO_PIC = NO;
				GCC_OPTIMIZATION_LEVEL = 0;
				GCC_PREPROCESSOR_DEFINITIONS = (
					"DEBUG=1",
					"$(inherited)",
				);
				GCC_SYMBOLS_PRIVATE_EXTERN = NO;
				GCC_WARN_64_TO_32_BIT_CONVERSION = YES;
				GCC_WARN_ABOUT_RETURN_TYPE = YES_ERROR;
				GCC_WARN_UNDECLARED_SELECTOR = YES;
				GCC_WARN_UNINITIALIZED_AUTOS = YES_AGGRESSIVE;
				GCC_WARN_UNUSED_FUNCTION = YES;
				GCC_WARN_UNUSED_VARIABLE = YES;
				IPHONEOS_DEPLOYMENT_TARGET = 8.1;
				MTL_ENABLE_DEBUG_INFO = YES;
				ONLY_ACTIVE_ARCH = YES;
				SDKROOT = iphoneos;
				SWIFT_OPTIMIZATION_LEVEL = "-Onone";
				TARGETED_DEVICE_FAMILY = "1,2";
			};
			name = Debug;
		};
		851EEC741AA3FBA300340C5D /* Release */ = {
			isa = XCBuildConfiguration;
			buildSettings = {
				ALWAYS_SEARCH_USER_PATHS = NO;
				CLANG_CXX_LANGUAGE_STANDARD = "gnu++0x";
				CLANG_CXX_LIBRARY = "libc++";
				CLANG_ENABLE_MODULES = YES;
				CLANG_ENABLE_OBJC_ARC = YES;
				CLANG_WARN_BOOL_CONVERSION = YES;
				CLANG_WARN_CONSTANT_CONVERSION = YES;
				CLANG_WARN_DIRECT_OBJC_ISA_USAGE = YES_ERROR;
				CLANG_WARN_EMPTY_BODY = YES;
				CLANG_WARN_ENUM_CONVERSION = YES;
				CLANG_WARN_INT_CONVERSION = YES;
				CLANG_WARN_OBJC_ROOT_CLASS = YES_ERROR;
				CLANG_WARN_UNREACHABLE_CODE = YES;
				CLANG_WARN__DUPLICATE_METHOD_MATCH = YES;
				"CODE_SIGN_IDENTITY[sdk=iphoneos*]" = "iPhone Developer";
				COPY_PHASE_STRIP = YES;
				ENABLE_NS_ASSERTIONS = NO;
				ENABLE_STRICT_OBJC_MSGSEND = YES;
				GCC_C_LANGUAGE_STANDARD = gnu99;
				GCC_WARN_64_TO_32_BIT_CONVERSION = YES;
				GCC_WARN_ABOUT_RETURN_TYPE = YES_ERROR;
				GCC_WARN_UNDECLARED_SELECTOR = YES;
				GCC_WARN_UNINITIALIZED_AUTOS = YES_AGGRESSIVE;
				GCC_WARN_UNUSED_FUNCTION = YES;
				GCC_WARN_UNUSED_VARIABLE = YES;
				IPHONEOS_DEPLOYMENT_TARGET = 8.1;
				MTL_ENABLE_DEBUG_INFO = NO;
				SDKROOT = iphoneos;
				TARGETED_DEVICE_FAMILY = "1,2";
				VALIDATE_PRODUCT = YES;
			};
			name = Release;
		};
		851EEC761AA3FBA300340C5D /* Debug */ = {
			isa = XCBuildConfiguration;
			buildSettings = {
				ASSETCATALOG_COMPILER_APPICON_NAME = AppIcon;
				INFOPLIST_FILE = SpriteKitSimpleGame/Info.plist;
				LD_RUNPATH_SEARCH_PATHS = "$(inherited) @executable_path/Frameworks";
				PRODUCT_NAME = "$(TARGET_NAME)";
			};
			name = Debug;
		};
		851EEC771AA3FBA300340C5D /* Release */ = {
			isa = XCBuildConfiguration;
			buildSettings = {
				ASSETCATALOG_COMPILER_APPICON_NAME = AppIcon;
				INFOPLIST_FILE = SpriteKitSimpleGame/Info.plist;
				LD_RUNPATH_SEARCH_PATHS = "$(inherited) @executable_path/Frameworks";
				PRODUCT_NAME = "$(TARGET_NAME)";
			};
			name = Release;
		};
		851EEC791AA3FBA300340C5D /* Debug */ = {
			isa = XCBuildConfiguration;
			buildSettings = {
				BUNDLE_LOADER = "$(TEST_HOST)";
				FRAMEWORK_SEARCH_PATHS = (
					"$(SDKROOT)/Developer/Library/Frameworks",
					"$(inherited)",
				);
				GCC_PREPROCESSOR_DEFINITIONS = (
					"DEBUG=1",
					"$(inherited)",
				);
				INFOPLIST_FILE = SpriteKitSimpleGameTests/Info.plist;
				LD_RUNPATH_SEARCH_PATHS = "$(inherited) @executable_path/Frameworks @loader_path/Frameworks";
				PRODUCT_NAME = "$(TARGET_NAME)";
				TEST_HOST = "$(BUILT_PRODUCTS_DIR)/SpriteKitSimpleGame.app/SpriteKitSimpleGame";
			};
			name = Debug;
		};
		851EEC7A1AA3FBA300340C5D /* Release */ = {
			isa = XCBuildConfiguration;
			buildSettings = {
				BUNDLE_LOADER = "$(TEST_HOST)";
				FRAMEWORK_SEARCH_PATHS = (
					"$(SDKROOT)/Developer/Library/Frameworks",
					"$(inherited)",
				);
				INFOPLIST_FILE = SpriteKitSimpleGameTests/Info.plist;
				LD_RUNPATH_SEARCH_PATHS = "$(inherited) @executable_path/Frameworks @loader_path/Frameworks";
				PRODUCT_NAME = "$(TARGET_NAME)";
				TEST_HOST = "$(BUILT_PRODUCTS_DIR)/SpriteKitSimpleGame.app/SpriteKitSimpleGame";
			};
			name = Release;
		};
/* End XCBuildConfiguration section */

/* Begin XCConfigurationList section */
		851EEC4D1AA3FBA300340C5D /* Build configuration list for PBXProject "SpriteKitSimpleGame" */ = {
			isa = XCConfigurationList;
			buildConfigurations = (
				851EEC731AA3FBA300340C5D /* Debug */,
				851EEC741AA3FBA300340C5D /* Release */,
			);
			defaultConfigurationIsVisible = 0;
			defaultConfigurationName = Release;
		};
		851EEC751AA3FBA300340C5D /* Build configuration list for PBXNativeTarget "SpriteKitSimpleGame" */ = {
			isa = XCConfigurationList;
			buildConfigurations = (
				851EEC761AA3FBA300340C5D /* Debug */,
				851EEC771AA3FBA300340C5D /* Release */,
			);
			defaultConfigurationIsVisible = 0;
			defaultConfigurationName = Release;
		};
		851EEC781AA3FBA300340C5D /* Build configuration list for PBXNativeTarget "SpriteKitSimpleGameTests" */ = {
			isa = XCConfigurationList;
			buildConfigurations = (
				851EEC791AA3FBA300340C5D /* Debug */,
				851EEC7A1AA3FBA300340C5D /* Release */,
			);
			defaultConfigurationIsVisible = 0;
			defaultConfigurationName = Release;
		};
/* End XCConfigurationList section */
	};
	rootObject = 851EEC4A1AA3FBA300340C5D /* Project object */;
}
